
Microsoft Visual Studio Solution File, Format Version 12.00
# Visual Studio Version 16
VisualStudioVersion = 16.0.29613.14
MinimumVisualStudioVersion = 10.0.40219.1
Project("{FAE04EC0-301F-11D3-BF4B-00C04F79EFBC}") = "OMDB_API", "OMDB_API\OMDB_API.csproj", "{D5FD5B5E-31A1-42AA-8665-9188485D758A}"
EndProject
Global
	GlobalSection(SolutionConfigurationPlatforms) = preSolution
		Debug|Any CPU = Debug|Any CPU
		Release|Any CPU = Release|Any CPU
	EndGlobalSection
	GlobalSection(ProjectConfigurationPlatforms) = postSolution
		{D5FD5B5E-31A1-42AA-8665-9188485D758A}.Debug|Any CPU.ActiveCfg = Debug|Any CPU
		{D5FD5B5E-31A1-42AA-8665-9188485D758A}.Debug|Any CPU.Build.0 = Debug|Any CPU
		{D5FD5B5E-31A1-42AA-8665-9188485D758A}.Release|Any CPU.ActiveCfg = Release|Any CPU
		{D5FD5B5E-31A1-42AA-8665-9188485D758A}.Release|Any CPU.Build.0 = Release|Any CPU
	EndGlobalSection
	GlobalSection(SolutionProperties) = preSolution
		HideSolutionNode = FALSE
	EndGlobalSection
	GlobalSection(ExtensibilityGlobals) = postSolution
		SolutionGuid = {AE34EE0F-EE23-437A-B7B6-8FA953A42E44}
	EndGlobalSection
EndGlobal
